
Microsoft Visual Studio Solution File, Format Version 12.00
# Visual Studio Version 16
VisualStudioVersion = 16.0.29418.71
MinimumVisualStudioVersion = 10.0.40219.1
Project("{FAE04EC0-301F-11D3-BF4B-00C04F79EFBC}") = "MvcTaskManager", "MvcTaskManager\MvcTaskManager.csproj", "{D174D0ED-568A-457C-A187-84C5CC662BAA}"
EndProject
Global
	GlobalSection(SolutionConfigurationPlatforms) = preSolution
		Debug|Any CPU = Debug|Any CPU
		Release|Any CPU = Release|Any CPU
	EndGlobalSection
	GlobalSection(ProjectConfigurationPlatforms) = postSolution
		{D174D0ED-568A-457C-A187-84C5CC662BAA}.Debug|Any CPU.ActiveCfg = Debug|Any CPU
		{D174D0ED-568A-457C-A187-84C5CC662BAA}.Debug|Any CPU.Build.0 = Debug|Any CPU
		{D174D0ED-568A-457C-A187-84C5CC662BAA}.Release|Any CPU.ActiveCfg = Release|Any CPU
		{D174D0ED-568A-457C-A187-84C5CC662BAA}.Release|Any CPU.Build.0 = Release|Any CPU
	EndGlobalSection
	GlobalSection(SolutionProperties) = preSolution
		HideSolutionNode = FALSE
	EndGlobalSection
	GlobalSection(ExtensibilityGlobals) = postSolution
		SolutionGuid = {690F5C89-8409-4EEC-93E6-D19F58FA2499}
	EndGlobalSection
EndGlobal
